
Microsoft Visual Studio Solution File, Format Version 12.00
# Visual Studio Version 16
VisualStudioVersion = 16.0.30114.105
MinimumVisualStudioVersion = 10.0.40219.1
Project("{FAE04EC0-301F-11D3-BF4B-00C04F79EFBC}") = "Presentacion", "Presentacion\Presentacion.csproj", "{60AD5149-26A1-44D9-97EF-B0E272DADBB6}"
EndProject
Project("{FAE04EC0-301F-11D3-BF4B-00C04F79EFBC}") = "Datos", "Datos\Datos.csproj", "{30C48C78-4926-447E-B287-3F575948D7F0}"
EndProject
Project("{FAE04EC0-301F-11D3-BF4B-00C04F79EFBC}") = "Dominio", "Dominio\Dominio.csproj", "{3F02DD3C-399D-434B-BC49-40E4E3BD35E3}"
EndProject
Global
	GlobalSection(SolutionConfigurationPlatforms) = preSolution
		Debug|Any CPU = Debug|Any CPU
		Release|Any CPU = Release|Any CPU
	EndGlobalSection
	GlobalSection(ProjectConfigurationPlatforms) = postSolution
		{60AD5149-26A1-44D9-97EF-B0E272DADBB6}.Debug|Any CPU.ActiveCfg = Debug|Any CPU
		{60AD5149-26A1-44D9-97EF-B0E272DADBB6}.Debug|Any CPU.Build.0 = Debug|Any CPU
		{60AD5149-26A1-44D9-97EF-B0E272DADBB6}.Release|Any CPU.ActiveCfg = Release|Any CPU
		{60AD5149-26A1-44D9-97EF-B0E272DADBB6}.Release|Any CPU.Build.0 = Release|Any CPU
		{30C48C78-4926-447E-B287-3F575948D7F0}.Debug|Any CPU.ActiveCfg = Debug|Any CPU
		{30C48C78-4926-447E-B287-3F575948D7F0}.Debug|Any CPU.Build.0 = Debug|Any CPU
		{30C48C78-4926-447E-B287-3F575948D7F0}.Release|Any CPU.ActiveCfg = Release|Any CPU
		{30C48C78-4926-447E-B287-3F575948D7F0}.Release|Any CPU.Build.0 = Release|Any CPU
		{3F02DD3C-399D-434B-BC49-40E4E3BD35E3}.Debug|Any CPU.ActiveCfg = Debug|Any CPU
		{3F02DD3C-399D-434B-BC49-40E4E3BD35E3}.Debug|Any CPU.Build.0 = Debug|Any CPU
		{3F02DD3C-399D-434B-BC49-40E4E3BD35E3}.Release|Any CPU.ActiveCfg = Release|Any CPU
		{3F02DD3C-399D-434B-BC49-40E4E3BD35E3}.Release|Any CPU.Build.0 = Release|Any CPU
	EndGlobalSection
	GlobalSection(SolutionProperties) = preSolution
		HideSolutionNode = FALSE
	EndGlobalSection
	GlobalSection(ExtensibilityGlobals) = postSolution
		SolutionGuid = {00CFD0A1-1B2A-436F-8A26-8DAC6B052BAB}
	EndGlobalSection
EndGlobal
